// !$*UTF8*$!
{
	archiveVersion = 1;
	classes = {
	};
	objectVersion = 46;
	objects = {

/* Begin PBXBuildFile section */
		2648BC101CBD45ED00812512 /* AppDelegate.m in Sources */ = {isa = PBXBuildFile; fileRef = 2648BC0F1CBD45ED00812512 /* AppDelegate.m */; };
		2648BC131CBD45ED00812512 /* main.m in Sources */ = {isa = PBXBuildFile; fileRef = 2648BC121CBD45ED00812512 /* main.m */; };
		2648BC181CBD45ED00812512 /* Assets.xcassets in Resources */ = {isa = PBXBuildFile; fileRef = 2648BC171CBD45ED00812512 /* Assets.xcassets */; };
		2648BC1B1CBD45ED00812512 /* Main.storyboard in Resources */ = {isa = PBXBuildFile; fileRef = 2648BC191CBD45ED00812512 /* Main.storyboard */; };
		2648BC261CBD45ED00812512 /* AdvWallpapersTests.m in Sources */ = {isa = PBXBuildFile; fileRef = 2648BC251CBD45ED00812512 /* AdvWallpapersTests.m */; };
		2648BC311CBD45ED00812512 /* AdvWallpapersUITests.m in Sources */ = {isa = PBXBuildFile; fileRef = 2648BC301CBD45ED00812512 /* AdvWallpapersUITests.m */; };
		2648BC431CBD46A500812512 /* MainViewController.m in Sources */ = {isa = PBXBuildFile; fileRef = 2648BC421CBD46A500812512 /* MainViewController.m */; };
		2648BC491CBD472B00812512 /* image.icns in Resources */ = {isa = PBXBuildFile; fileRef = 2648BC441CBD472B00812512 /* image.icns */; };
		2648BC4F1CBD4C8500812512 /* CurrentDesktop.applescript in Resources */ = {isa = PBXBuildFile; fileRef = 2648BC481CBD472B00812512 /* CurrentDesktop.applescript */; };
		2648BC511CBD4E4300812512 /* Config.plist in Resources */ = {isa = PBXBuildFile; fileRef = 2648BC501CBD4E4300812512 /* Config.plist */; };
		2648BC541CBD500900812512 /* Slideshow.m in Sources */ = {isa = PBXBuildFile; fileRef = 2648BC531CBD500900812512 /* Slideshow.m */; };
		2648BC5F1CBECFA500812512 /* StatusViewController.m in Sources */ = {isa = PBXBuildFile; fileRef = 2648BC5D1CBECFA500812512 /* StatusViewController.m */; };
		2648BC641CBEDD3900812512 /* StatusView.m in Sources */ = {isa = PBXBuildFile; fileRef = 2648BC631CBEDD3900812512 /* StatusView.m */; };
		2648BC6F1CC0699500812512 /* SetDesktopPicture.applescript in Resources */ = {isa = PBXBuildFile; fileRef = 2648BC6D1CC068A100812512 /* SetDesktopPicture.applescript */; };
		2648BC7D1CC30B8E00812512 /* StatusMainView.m in Sources */ = {isa = PBXBuildFile; fileRef = 2648BC7C1CC30B8E00812512 /* StatusMainView.m */; };
		2648BC841CC51E4E00812512 /* BaseClassViewController.m in Sources */ = {isa = PBXBuildFile; fileRef = 2648BC821CC51E4E00812512 /* BaseClassViewController.m */; };
		2648BC8A1CC534AF00812512 /* README.md in Sources */ = {isa = PBXBuildFile; fileRef = 2648BC891CC534AF00812512 /* README.md */; };
/* End PBXBuildFile section */

/* Begin PBXContainerItemProxy section */
		2648BC221CBD45ED00812512 /* PBXContainerItemProxy */ = {
			isa = PBXContainerItemProxy;
			containerPortal = 2648BC031CBD45ED00812512 /* Project object */;
			proxyType = 1;
			remoteGlobalIDString = 2648BC0A1CBD45ED00812512;
			remoteInfo = AdvWallpapers;
		};
		2648BC2D1CBD45ED00812512 /* PBXContainerItemProxy */ = {
			isa = PBXContainerItemProxy;
			containerPortal = 2648BC031CBD45ED00812512 /* Project object */;
			proxyType = 1;
			remoteGlobalIDString = 2648BC0A1CBD45ED00812512;
			remoteInfo = AdvWallpapers;
		};
/* End PBXContainerItemProxy section */

/* Begin PBXFileReference section */
		260D692B1CC8130C007E765D /* AdvWallpapers.h */ = {isa = PBXFileReference; lastKnownFileType = sourcecode.c.h; path = AdvWallpapers.h; sourceTree = "<group>"; };
		2648BC0B1CBD45ED00812512 /* AdvWallpapers.app */ = {isa = PBXFileReference; explicitFileType = wrapper.application; includeInIndex = 0; path = AdvWallpapers.app; sourceTree = BUILT_PRODUCTS_DIR; };
		2648BC0E1CBD45ED00812512 /* AppDelegate.h */ = {isa = PBXFileReference; lastKnownFileType = sourcecode.c.h; path = AppDelegate.h; sourceTree = "<group>"; };
		2648BC0F1CBD45ED00812512 /* AppDelegate.m */ = {isa = PBXFileReference; lastKnownFileType = sourcecode.c.objc; path = AppDelegate.m; sourceTree = "<group>"; };
		2648BC121CBD45ED00812512 /* main.m */ = {isa = PBXFileReference; lastKnownFileType = sourcecode.c.objc; path = main.m; sourceTree = "<group>"; };
		2648BC171CBD45ED00812512 /* Assets.xcassets */ = {isa = PBXFileReference; lastKnownFileType = folder.assetcatalog; path = Assets.xcassets; sourceTree = "<group>"; };
		2648BC1A1CBD45ED00812512 /* Base */ = {isa = PBXFileReference; lastKnownFileType = file.storyboard; name = Base; path = Base.lproj/Main.storyboard; sourceTree = "<group>"; };
		2648BC1C1CBD45ED00812512 /* Info.plist */ = {isa = PBXFileReference; lastKnownFileType = text.plist.xml; path = Info.plist; sourceTree = "<group>"; };
		2648BC211CBD45ED00812512 /* AdvWallpapersTests.xctest */ = {isa = PBXFileReference; explicitFileType = wrapper.cfbundle; includeInIndex = 0; path = AdvWallpapersTests.xctest; sourceTree = BUILT_PRODUCTS_DIR; };
		2648BC251CBD45ED00812512 /* AdvWallpapersTests.m */ = {isa = PBXFileReference; lastKnownFileType = sourcecode.c.objc; path = AdvWallpapersTests.m; sourceTree = "<group>"; };
		2648BC271CBD45ED00812512 /* Info.plist */ = {isa = PBXFileReference; lastKnownFileType = text.plist.xml; path = Info.plist; sourceTree = "<group>"; };
		2648BC2C1CBD45ED00812512 /* AdvWallpapersUITests.xctest */ = {isa = PBXFileReference; explicitFileType = wrapper.cfbundle; includeInIndex = 0; path = AdvWallpapersUITests.xctest; sourceTree = BUILT_PRODUCTS_DIR; };
		2648BC301CBD45ED00812512 /* AdvWallpapersUITests.m */ = {isa = PBXFileReference; lastKnownFileType = sourcecode.c.objc; path = AdvWallpapersUITests.m; sourceTree = "<group>"; };
		2648BC321CBD45ED00812512 /* Info.plist */ = {isa = PBXFileReference; lastKnownFileType = text.plist.xml; path = Info.plist; sourceTree = "<group>"; };
		2648BC411CBD46A500812512 /* MainViewController.h */ = {isa = PBXFileReference; fileEncoding = 4; lastKnownFileType = sourcecode.c.h; path = MainViewController.h; sourceTree = "<group>"; };
		2648BC421CBD46A500812512 /* MainViewController.m */ = {isa = PBXFileReference; fileEncoding = 4; lastKnownFileType = sourcecode.c.objc; path = MainViewController.m; sourceTree = "<group>"; };
		2648BC441CBD472B00812512 /* image.icns */ = {isa = PBXFileReference; lastKnownFileType = image.icns; path = image.icns; sourceTree = "<group>"; };
		2648BC481CBD472B00812512 /* CurrentDesktop.applescript */ = {isa = PBXFileReference; fileEncoding = 4; lastKnownFileType = sourcecode.applescript; path = CurrentDesktop.applescript; sourceTree = "<group>"; };
		2648BC501CBD4E4300812512 /* Config.plist */ = {isa = PBXFileReference; fileEncoding = 4; lastKnownFileType = text.plist.xml; path = Config.plist; sourceTree = "<group>"; };
		2648BC521CBD500900812512 /* Slideshow.h */ = {isa = PBXFileReference; fileEncoding = 4; lastKnownFileType = sourcecode.c.h; path = Slideshow.h; sourceTree = "<group>"; };
		2648BC531CBD500900812512 /* Slideshow.m */ = {isa = PBXFileReference; fileEncoding = 4; lastKnownFileType = sourcecode.c.objc; path = Slideshow.m; sourceTree = "<group>"; };
		2648BC551CBD659700812512 /* TODO */ = {isa = PBXFileReference; fileEncoding = 4; lastKnownFileType = text; path = TODO; sourceTree = "<group>"; };
		2648BC5C1CBECFA500812512 /* StatusViewController.h */ = {isa = PBXFileReference; fileEncoding = 4; lastKnownFileType = sourcecode.c.h; path = StatusViewController.h; sourceTree = "<group>"; };
		2648BC5D1CBECFA500812512 /* StatusViewController.m */ = {isa = PBXFileReference; fileEncoding = 4; lastKnownFileType = sourcecode.c.objc; path = StatusViewController.m; sourceTree = "<group>"; };
		2648BC621CBEDD3900812512 /* StatusView.h */ = {isa = PBXFileReference; fileEncoding = 4; lastKnownFileType = sourcecode.c.h; path = StatusView.h; sourceTree = "<group>"; };
		2648BC631CBEDD3900812512 /* StatusView.m */ = {isa = PBXFileReference; fileEncoding = 4; lastKnownFileType = sourcecode.c.objc; path = StatusView.m; sourceTree = "<group>"; };
		2648BC6D1CC068A100812512 /* SetDesktopPicture.applescript */ = {isa = PBXFileReference; fileEncoding = 4; lastKnownFileType = sourcecode.applescript; path = SetDesktopPicture.applescript; sourceTree = "<group>"; };
		2648BC7A1CC301E600812512 /* KeyDelegate.h */ = {isa = PBXFileReference; lastKnownFileType = sourcecode.c.h; path = KeyDelegate.h; sourceTree = "<group>"; };
		2648BC7B1CC30B8E00812512 /* StatusMainView.h */ = {isa = PBXFileReference; fileEncoding = 4; lastKnownFileType = sourcecode.c.h; path = StatusMainView.h; sourceTree = "<group>"; };
		2648BC7C1CC30B8E00812512 /* StatusMainView.m */ = {isa = PBXFileReference; fileEncoding = 4; lastKnownFileType = sourcecode.c.objc; path = StatusMainView.m; sourceTree = "<group>"; };
		2648BC811CC51E4E00812512 /* BaseClassViewController.h */ = {isa = PBXFileReference; fileEncoding = 4; lastKnownFileType = sourcecode.c.h; path = BaseClassViewController.h; sourceTree = "<group>"; };
		2648BC821CC51E4E00812512 /* BaseClassViewController.m */ = {isa = PBXFileReference; fileEncoding = 4; lastKnownFileType = sourcecode.c.objc; path = BaseClassViewController.m; sourceTree = "<group>"; };
		2648BC891CC534AF00812512 /* README.md */ = {isa = PBXFileReference; fileEncoding = 4; lastKnownFileType = net.daringfireball.markdown; path = README.md; sourceTree = "<group>"; };
/* End PBXFileReference section */

/* Begin PBXFrameworksBuildPhase section */
		2648BC081CBD45ED00812512 /* Frameworks */ = {
			isa = PBXFrameworksBuildPhase;
			buildActionMask = 2147483647;
			files = (
			);
			runOnlyForDeploymentPostprocessing = 0;
		};
		2648BC1E1CBD45ED00812512 /* Frameworks */ = {
			isa = PBXFrameworksBuildPhase;
			buildActionMask = 2147483647;
			files = (
			);
			runOnlyForDeploymentPostprocessing = 0;
		};
		2648BC291CBD45ED00812512 /* Frameworks */ = {
			isa = PBXFrameworksBuildPhase;
			buildActionMask = 2147483647;
			files = (
			);
			runOnlyForDeploymentPostprocessing = 0;
		};
/* End PBXFrameworksBuildPhase section */

/* Begin PBXGroup section */
		2648BC021CBD45ED00812512 = {
			isa = PBXGroup;
			children = (
				2648BC0D1CBD45ED00812512 /* AdvWallpapers */,
				2648BC241CBD45ED00812512 /* AdvWallpapersTests */,
				2648BC2F1CBD45ED00812512 /* AdvWallpapersUITests */,
				2648BC0C1CBD45ED00812512 /* Products */,
			);
			sourceTree = "<group>";
		};
		2648BC0C1CBD45ED00812512 /* Products */ = {
			isa = PBXGroup;
			children = (
				2648BC0B1CBD45ED00812512 /* AdvWallpapers.app */,
				2648BC211CBD45ED00812512 /* AdvWallpapersTests.xctest */,
				2648BC2C1CBD45ED00812512 /* AdvWallpapersUITests.xctest */,
			);
			name = Products;
			sourceTree = "<group>";
		};
		2648BC0D1CBD45ED00812512 /* AdvWallpapers */ = {
			isa = PBXGroup;
			children = (
				260D692B1CC8130C007E765D /* AdvWallpapers.h */,
				2648BC0E1CBD45ED00812512 /* AppDelegate.h */,
				2648BC0F1CBD45ED00812512 /* AppDelegate.m */,
				2648BC191CBD45ED00812512 /* Main.storyboard */,
				2648BC7A1CC301E600812512 /* KeyDelegate.h */,
				2648BC881CC5335800812512 /* Model */,
				2648BC871CC5334D00812512 /* View Controllers */,
				2648BC861CC5334400812512 /* Views */,
				2648BC611CBEDD2500812512 /* Status */,
				2648BC4E1CBD47E500812512 /* Resources */,
				2648BC111CBD45ED00812512 /* Supporting Files */,
				2648BC171CBD45ED00812512 /* Assets.xcassets */,
				2648BC1C1CBD45ED00812512 /* Info.plist */,
				2648BC551CBD659700812512 /* TODO */,
				2648BC891CC534AF00812512 /* README.md */,
			);
			path = AdvWallpapers;
			sourceTree = "<group>";
		};
		2648BC111CBD45ED00812512 /* Supporting Files */ = {
			isa = PBXGroup;
			children = (
				2648BC121CBD45ED00812512 /* main.m */,
			);
			name = "Supporting Files";
			sourceTree = "<group>";
		};
		2648BC241CBD45ED00812512 /* AdvWallpapersTests */ = {
			isa = PBXGroup;
			children = (
				2648BC251CBD45ED00812512 /* AdvWallpapersTests.m */,
				2648BC271CBD45ED00812512 /* Info.plist */,
			);
			path = AdvWallpapersTests;
			sourceTree = "<group>";
		};
		2648BC2F1CBD45ED00812512 /* AdvWallpapersUITests */ = {
			isa = PBXGroup;
			children = (
				2648BC301CBD45ED00812512 /* AdvWallpapersUITests.m */,
				2648BC321CBD45ED00812512 /* Info.plist */,
			);
			path = AdvWallpapersUITests;
			sourceTree = "<group>";
		};
		2648BC4E1CBD47E500812512 /* Resources */ = {
			isa = PBXGroup;
			children = (
				2648BC501CBD4E4300812512 /* Config.plist */,
				2648BC481CBD472B00812512 /* CurrentDesktop.applescript */,
				2648BC441CBD472B00812512 /* image.icns */,
				2648BC6D1CC068A100812512 /* SetDesktopPicture.applescript */,
			);
			name = Resources;
			sourceTree = "<group>";
		};
		2648BC611CBEDD2500812512 /* Status */ = {
			isa = PBXGroup;
			children = (
			);
			name = Status;
			sourceTree = "<group>";
		};
		2648BC861CC5334400812512 /* Views */ = {
			isa = PBXGroup;
			children = (
				2648BC621CBEDD3900812512 /* StatusView.h */,
				2648BC631CBEDD3900812512 /* StatusView.m */,
				2648BC7B1CC30B8E00812512 /* StatusMainView.h */,
				2648BC7C1CC30B8E00812512 /* StatusMainView.m */,
			);
			name = Views;
			sourceTree = "<group>";
		};
		2648BC871CC5334D00812512 /* View Controllers */ = {
			isa = PBXGroup;
			children = (
				2648BC811CC51E4E00812512 /* BaseClassViewController.h */,
				2648BC821CC51E4E00812512 /* BaseClassViewController.m */,
				2648BC411CBD46A500812512 /* MainViewController.h */,
				2648BC421CBD46A500812512 /* MainViewController.m */,
				2648BC5C1CBECFA500812512 /* StatusViewController.h */,
				2648BC5D1CBECFA500812512 /* StatusViewController.m */,
			);
			name = "View Controllers";
			sourceTree = "<group>";
		};
		2648BC881CC5335800812512 /* Model */ = {
			isa = PBXGroup;
			children = (
				2648BC521CBD500900812512 /* Slideshow.h */,
				2648BC531CBD500900812512 /* Slideshow.m */,
			);
			name = Model;
			sourceTree = "<group>";
		};
/* End PBXGroup section */

/* Begin PBXNativeTarget section */
		2648BC0A1CBD45ED00812512 /* AdvWallpapers */ = {
			isa = PBXNativeTarget;
			buildConfigurationList = 2648BC351CBD45ED00812512 /* Build configuration list for PBXNativeTarget "AdvWallpapers" */;
			buildPhases = (
				2648BC071CBD45ED00812512 /* Sources */,
				2648BC081CBD45ED00812512 /* Frameworks */,
				2648BC091CBD45ED00812512 /* Resources */,
			);
			buildRules = (
			);
			dependencies = (
			);
			name = AdvWallpapers;
			productName = AdvWallpapers;
			productReference = 2648BC0B1CBD45ED00812512 /* AdvWallpapers.app */;
			productType = "com.apple.product-type.application";
		};
		2648BC201CBD45ED00812512 /* AdvWallpapersTests */ = {
			isa = PBXNativeTarget;
			buildConfigurationList = 2648BC381CBD45ED00812512 /* Build configuration list for PBXNativeTarget "AdvWallpapersTests" */;
			buildPhases = (
				2648BC1D1CBD45ED00812512 /* Sources */,
				2648BC1E1CBD45ED00812512 /* Frameworks */,
				2648BC1F1CBD45ED00812512 /* Resources */,
			);
			buildRules = (
			);
			dependencies = (
				2648BC231CBD45ED00812512 /* PBXTargetDependency */,
			);
			name = AdvWallpapersTests;
			productName = AdvWallpapersTests;
			productReference = 2648BC211CBD45ED00812512 /* AdvWallpapersTests.xctest */;
			productType = "com.apple.product-type.bundle.unit-test";
		};
		2648BC2B1CBD45ED00812512 /* AdvWallpapersUITests */ = {
			isa = PBXNativeTarget;
			buildConfigurationList = 2648BC3B1CBD45ED00812512 /* Build configuration list for PBXNativeTarget "AdvWallpapersUITests" */;
			buildPhases = (
				2648BC281CBD45ED00812512 /* Sources */,
				2648BC291CBD45ED00812512 /* Frameworks */,
				2648BC2A1CBD45ED00812512 /* Resources */,
			);
			buildRules = (
			);
			dependencies = (
				2648BC2E1CBD45ED00812512 /* PBXTargetDependency */,
			);
			name = AdvWallpapersUITests;
			productName = AdvWallpapersUITests;
			productReference = 2648BC2C1CBD45ED00812512 /* AdvWallpapersUITests.xctest */;
			productType = "com.apple.product-type.bundle.ui-testing";
		};
/* End PBXNativeTarget section */

/* Begin PBXProject section */
		2648BC031CBD45ED00812512 /* Project object */ = {
			isa = PBXProject;
			attributes = {
				LastUpgradeCheck = 0730;
				ORGANIZATIONNAME = "Sami Farhat";
				TargetAttributes = {
					2648BC0A1CBD45ED00812512 = {
						CreatedOnToolsVersion = 7.3;
					};
					2648BC201CBD45ED00812512 = {
						CreatedOnToolsVersion = 7.3;
						TestTargetID = 2648BC0A1CBD45ED00812512;
					};
					2648BC2B1CBD45ED00812512 = {
						CreatedOnToolsVersion = 7.3;
						TestTargetID = 2648BC0A1CBD45ED00812512;
					};
				};
			};
			buildConfigurationList = 2648BC061CBD45ED00812512 /* Build configuration list for PBXProject "AdvWallpapers" */;
			compatibilityVersion = "Xcode 3.2";
			developmentRegion = English;
			hasScannedForEncodings = 0;
			knownRegions = (
				en,
				Base,
			);
			mainGroup = 2648BC021CBD45ED00812512;
			productRefGroup = 2648BC0C1CBD45ED00812512 /* Products */;
			projectDirPath = "";
			projectRoot = "";
			targets = (
				2648BC0A1CBD45ED00812512 /* AdvWallpapers */,
				2648BC201CBD45ED00812512 /* AdvWallpapersTests */,
				2648BC2B1CBD45ED00812512 /* AdvWallpapersUITests */,
			);
		};
/* End PBXProject section */

/* Begin PBXResourcesBuildPhase section */
		2648BC091CBD45ED00812512 /* Resources */ = {
			isa = PBXResourcesBuildPhase;
			buildActionMask = 2147483647;
			files = (
				2648BC6F1CC0699500812512 /* SetDesktopPicture.applescript in Resources */,
				2648BC4F1CBD4C8500812512 /* CurrentDesktop.applescript in Resources */,
				2648BC491CBD472B00812512 /* image.icns in Resources */,
				2648BC181CBD45ED00812512 /* Assets.xcassets in Resources */,
				2648BC1B1CBD45ED00812512 /* Main.storyboard in Resources */,
				2648BC511CBD4E4300812512 /* Config.plist in Resources */,
			);
			runOnlyForDeploymentPostprocessing = 0;
		};
		2648BC1F1CBD45ED00812512 /* Resources */ = {
			isa = PBXResourcesBuildPhase;
			buildActionMask = 2147483647;
			files = (
			);
			runOnlyForDeploymentPostprocessing = 0;
		};
		2648BC2A1CBD45ED00812512 /* Resources */ = {
			isa = PBXResourcesBuildPhase;
			buildActionMask = 2147483647;
			files = (
			);
			runOnlyForDeploymentPostprocessing = 0;
		};
/* End PBXResourcesBuildPhase section */

/* Begin PBXSourcesBuildPhase section */
		2648BC071CBD45ED00812512 /* Sources */ = {
			isa = PBXSourcesBuildPhase;
			buildActionMask = 2147483647;
			files = (
				2648BC541CBD500900812512 /* Slideshow.m in Sources */,
				2648BC131CBD45ED00812512 /* main.m in Sources */,
				2648BC641CBEDD3900812512 /* StatusView.m in Sources */,
				2648BC5F1CBECFA500812512 /* StatusViewController.m in Sources */,
				2648BC841CC51E4E00812512 /* BaseClassViewController.m in Sources */,
				2648BC101CBD45ED00812512 /* AppDelegate.m in Sources */,
				2648BC8A1CC534AF00812512 /* README.md in Sources */,
				2648BC7D1CC30B8E00812512 /* StatusMainView.m in Sources */,
				2648BC431CBD46A500812512 /* MainViewController.m in Sources */,
			);
			runOnlyForDeploymentPostprocessing = 0;
		};
		2648BC1D1CBD45ED00812512 /* Sources */ = {
			isa = PBXSourcesBuildPhase;
			buildActionMask = 2147483647;
			files = (
				2648BC261CBD45ED00812512 /* AdvWallpapersTests.m in Sources */,
			);
			runOnlyForDeploymentPostprocessing = 0;
		};
		2648BC281CBD45ED00812512 /* Sources */ = {
			isa = PBXSourcesBuildPhase;
			buildActionMask = 2147483647;
			files = (
				2648BC311CBD45ED00812512 /* AdvWallpapersUITests.m in Sources */,
			);
			runOnlyForDeploymentPostprocessing = 0;
		};
/* End PBXSourcesBuildPhase section */

/* Begin PBXTargetDependency section */
		2648BC231CBD45ED00812512 /* PBXTargetDependency */ = {
			isa = PBXTargetDependency;
			target = 2648BC0A1CBD45ED00812512 /* AdvWallpapers */;
			targetProxy = 2648BC221CBD45ED00812512 /* PBXContainerItemProxy */;
		};
		2648BC2E1CBD45ED00812512 /* PBXTargetDependency */ = {
			isa = PBXTargetDependency;
			target = 2648BC0A1CBD45ED00812512 /* AdvWallpapers */;
			targetProxy = 2648BC2D1CBD45ED00812512 /* PBXContainerItemProxy */;
		};
/* End PBXTargetDependency section */

/* Begin PBXVariantGroup section */
		2648BC191CBD45ED00812512 /* Main.storyboard */ = {
			isa = PBXVariantGroup;
			children = (
				2648BC1A1CBD45ED00812512 /* Base */,
			);
			name = Main.storyboard;
			sourceTree = "<group>";
		};
/* End PBXVariantGroup section */

/* Begin XCBuildConfiguration section */
		2648BC331CBD45ED00812512 /* Debug */ = {
			isa = XCBuildConfiguration;
			buildSettings = {
				ALWAYS_SEARCH_USER_PATHS = NO;
				CLANG_ANALYZER_NONNULL = YES;
				CLANG_CXX_LANGUAGE_STANDARD = "gnu++0x";
				CLANG_CXX_LIBRARY = "libc++";
				CLANG_ENABLE_MODULES = YES;
				CLANG_ENABLE_OBJC_ARC = YES;
				CLANG_WARN_BOOL_CONVERSION = YES;
				CLANG_WARN_CONSTANT_CONVERSION = YES;
				CLANG_WARN_DIRECT_OBJC_ISA_USAGE = YES_ERROR;
				CLANG_WARN_EMPTY_BODY = YES;
				CLANG_WARN_ENUM_CONVERSION = YES;
				CLANG_WARN_INT_CONVERSION = YES;
				CLANG_WARN_OBJC_ROOT_CLASS = YES_ERROR;
				CLANG_WARN_UNREACHABLE_CODE = YES;
				CLANG_WARN__DUPLICATE_METHOD_MATCH = YES;
				CODE_SIGN_IDENTITY = "-";
				COPY_PHASE_STRIP = NO;
				DEBUG_INFORMATION_FORMAT = dwarf;
				ENABLE_STRICT_OBJC_MSGSEND = YES;
				ENABLE_TESTABILITY = YES;
				GCC_C_LANGUAGE_STANDARD = gnu99;
				GCC_DYNAMIC_NO_PIC = NO;
				GCC_NO_COMMON_BLOCKS = YES;
				GCC_OPTIMIZATION_LEVEL = 0;
				GCC_PREPROCESSOR_DEFINITIONS = (
					"DEBUG=1",
					"$(inherited)",
				);
				GCC_WARN_64_TO_32_BIT_CONVERSION = YES;
				GCC_WARN_ABOUT_RETURN_TYPE = YES_ERROR;
				GCC_WARN_UNDECLARED_SELECTOR = YES;
				GCC_WARN_UNINITIALIZED_AUTOS = YES_AGGRESSIVE;
				GCC_WARN_UNUSED_FUNCTION = YES;
				GCC_WARN_UNUSED_VARIABLE = YES;
				MACOSX_DEPLOYMENT_TARGET = 10.11;
				MTL_ENABLE_DEBUG_INFO = YES;
				ONLY_ACTIVE_ARCH = YES;
				SDKROOT = macosx;
			};
			name = Debug;
		};
		2648BC341CBD45ED00812512 /* Release */ = {
			isa = XCBuildConfiguration;
			buildSettings = {
				ALWAYS_SEARCH_USER_PATHS = NO;
				CLANG_ANALYZER_NONNULL = YES;
				CLANG_CXX_LANGUAGE_STANDARD = "gnu++0x";
				CLANG_CXX_LIBRARY = "libc++";
				CLANG_ENABLE_MODULES = YES;
				CLANG_ENABLE_OBJC_ARC = YES;
				CLANG_WARN_BOOL_CONVERSION = YES;
				CLANG_WARN_CONSTANT_CONVERSION = YES;
				CLANG_WARN_DIRECT_OBJC_ISA_USAGE = YES_ERROR;
				CLANG_WARN_EMPTY_BODY = YES;
				CLANG_WARN_ENUM_CONVERSION = YES;
				CLANG_WARN_INT_CONVERSION = YES;
				CLANG_WARN_OBJC_ROOT_CLASS = YES_ERROR;
				CLANG_WARN_UNREACHABLE_CODE = YES;
				CLANG_WARN__DUPLICATE_METHOD_MATCH = YES;
				CODE_SIGN_IDENTITY = "-";
				COPY_PHASE_STRIP = NO;
				DEBUG_INFORMATION_FORMAT = "dwarf-with-dsym";
				ENABLE_NS_ASSERTIONS = NO;
				ENABLE_STRICT_OBJC_MSGSEND = YES;
				GCC_C_LANGUAGE_STANDARD = gnu99;
				GCC_NO_COMMON_BLOCKS = YES;
				GCC_WARN_64_TO_32_BIT_CONVERSION = YES;
				GCC_WARN_ABOUT_RETURN_TYPE = YES_ERROR;
				GCC_WARN_UNDECLARED_SELECTOR = YES;
				GCC_WARN_UNINITIALIZED_AUTOS = YES_AGGRESSIVE;
				GCC_WARN_UNUSED_FUNCTION = YES;
				GCC_WARN_UNUSED_VARIABLE = YES;
				MACOSX_DEPLOYMENT_TARGET = 10.11;
				MTL_ENABLE_DEBUG_INFO = NO;
				SDKROOT = macosx;
			};
			name = Release;
		};
		2648BC361CBD45ED00812512 /* Debug */ = {
			isa = XCBuildConfiguration;
			buildSettings = {
				ASSETCATALOG_COMPILER_APPICON_NAME = AppIcon;
				COMBINE_HIDPI_IMAGES = YES;
				INFOPLIST_FILE = AdvWallpapers/Info.plist;
				LD_RUNPATH_SEARCH_PATHS = "$(inherited) @executable_path/../Frameworks";
				PRODUCT_BUNDLE_IDENTIFIER = com.farhatsami.AdvWallpapers;
				PRODUCT_NAME = "$(TARGET_NAME)";
			};
			name = Debug;
		};
		2648BC371CBD45ED00812512 /* Release */ = {
			isa = XCBuildConfiguration;
			buildSettings = {
				ASSETCATALOG_COMPILER_APPICON_NAME = AppIcon;
				COMBINE_HIDPI_IMAGES = YES;
				INFOPLIST_FILE = AdvWallpapers/Info.plist;
				LD_RUNPATH_SEARCH_PATHS = "$(inherited) @executable_path/../Frameworks";
				PRODUCT_BUNDLE_IDENTIFIER = com.farhatsami.AdvWallpapers;
				PRODUCT_NAME = "$(TARGET_NAME)";
			};
			name = Release;
		};
		2648BC391CBD45ED00812512 /* Debug */ = {
			isa = XCBuildConfiguration;
			buildSettings = {
				BUNDLE_LOADER = "$(TEST_HOST)";
				COMBINE_HIDPI_IMAGES = YES;
				INFOPLIST_FILE = AdvWallpapersTests/Info.plist;
				LD_RUNPATH_SEARCH_PATHS = "$(inherited) @executable_path/../Frameworks @loader_path/../Frameworks";
				PRODUCT_BUNDLE_IDENTIFIER = com.farhatsami.AdvWallpapersTests;
				PRODUCT_NAME = "$(TARGET_NAME)";
				TEST_HOST = "$(BUILT_PRODUCTS_DIR)/AdvWallpapers.app/Contents/MacOS/AdvWallpapers";
			};
			name = Debug;
		};
		2648BC3A1CBD45ED00812512 /* Release */ = {
			isa = XCBuildConfiguration;
			buildSettings = {
				BUNDLE_LOADER = "$(TEST_HOST)";
				COMBINE_HIDPI_IMAGES = YES;
				INFOPLIST_FILE = AdvWallpapersTests/Info.plist;
				LD_RUNPATH_SEARCH_PATHS = "$(inherited) @executable_path/../Frameworks @loader_path/../Frameworks";
				PRODUCT_BUNDLE_IDENTIFIER = com.farhatsami.AdvWallpapersTests;
				PRODUCT_NAME = "$(TARGET_NAME)";
				TEST_HOST = "$(BUILT_PRODUCTS_DIR)/AdvWallpapers.app/Contents/MacOS/AdvWallpapers";
			};
			name = Release;
		};
		2648BC3C1CBD45ED00812512 /* Debug */ = {
			isa = XCBuildConfiguration;
			buildSettings = {
				COMBINE_HIDPI_IMAGES = YES;
				INFOPLIST_FILE = AdvWallpapersUITests/Info.plist;
				LD_RUNPATH_SEARCH_PATHS = "$(inherited) @executable_path/../Frameworks @loader_path/../Frameworks";
				PRODUCT_BUNDLE_IDENTIFIER = com.farhatsami.AdvWallpapersUITests;
				PRODUCT_NAME = "$(TARGET_NAME)";
				TEST_TARGET_NAME = AdvWallpapers;
			};
			name = Debug;
		};
		2648BC3D1CBD45ED00812512 /* Release */ = {
			isa = XCBuildConfiguration;
			buildSettings = {
				COMBINE_HIDPI_IMAGES = YES;
				INFOPLIST_FILE = AdvWallpapersUITests/Info.plist;
				LD_RUNPATH_SEARCH_PATHS = "$(inherited) @executable_path/../Frameworks @loader_path/../Frameworks";
				PRODUCT_BUNDLE_IDENTIFIER = com.farhatsami.AdvWallpapersUITests;
				PRODUCT_NAME = "$(TARGET_NAME)";
				TEST_TARGET_NAME = AdvWallpapers;
			};
			name = Release;
		};
/* End XCBuildConfiguration section */

/* Begin XCConfigurationList section */
		2648BC061CBD45ED00812512 /* Build configuration list for PBXProject "AdvWallpapers" */ = {
			isa = XCConfigurationList;
			buildConfigurations = (
				2648BC331CBD45ED00812512 /* Debug */,
				2648BC341CBD45ED00812512 /* Release */,
			);
			defaultConfigurationIsVisible = 0;
			defaultConfigurationName = Release;
		};
		2648BC351CBD45ED00812512 /* Build configuration list for PBXNativeTarget "AdvWallpapers" */ = {
			isa = XCConfigurationList;
			buildConfigurations = (
				2648BC361CBD45ED00812512 /* Debug */,
				2648BC371CBD45ED00812512 /* Release */,
			);
			defaultConfigurationIsVisible = 0;
			defaultConfigurationName = Release;
		};
		2648BC381CBD45ED00812512 /* Build configuration list for PBXNativeTarget "AdvWallpapersTests" */ = {
			isa = XCConfigurationList;
			buildConfigurations = (
				2648BC391CBD45ED00812512 /* Debug */,
				2648BC3A1CBD45ED00812512 /* Release */,
			);
			defaultConfigurationIsVisible = 0;
			defaultConfigurationName = Release;
		};
		2648BC3B1CBD45ED00812512 /* Build configuration list for PBXNativeTarget "AdvWallpapersUITests" */ = {
			isa = XCConfigurationList;
			buildConfigurations = (
				2648BC3C1CBD45ED00812512 /* Debug */,
				2648BC3D1CBD45ED00812512 /* Release */,
			);
			defaultConfigurationIsVisible = 0;
			defaultConfigurationName = Release;
		};
/* End XCConfigurationList section */
	};
	rootObject = 2648BC031CBD45ED00812512 /* Project object */;
}
